
Microsoft Visual Studio Solution File, Format Version 12.00
# Visual Studio Version 16
VisualStudioVersion = 16.0.32126.315
MinimumVisualStudioVersion = 10.0.40219.1
Project("{FAE04EC0-301F-11D3-BF4B-00C04F79EFBC}") = "Recuperacion", "Recuperacion\Recuperacion.csproj", "{025A4BE2-5636-4D68-87F7-6E97B61827F1}"
EndProject
Global
	GlobalSection(SolutionConfigurationPlatforms) = preSolution
		Debug|Any CPU = Debug|Any CPU
		Release|Any CPU = Release|Any CPU
	EndGlobalSection
	GlobalSection(ProjectConfigurationPlatforms) = postSolution
		{025A4BE2-5636-4D68-87F7-6E97B61827F1}.Debug|Any CPU.ActiveCfg = Debug|Any CPU
		{025A4BE2-5636-4D68-87F7-6E97B61827F1}.Debug|Any CPU.Build.0 = Debug|Any CPU
		{025A4BE2-5636-4D68-87F7-6E97B61827F1}.Release|Any CPU.ActiveCfg = Release|Any CPU
		{025A4BE2-5636-4D68-87F7-6E97B61827F1}.Release|Any CPU.Build.0 = Release|Any CPU
	EndGlobalSection
	GlobalSection(SolutionProperties) = preSolution
		HideSolutionNode = FALSE
	EndGlobalSection
	GlobalSection(ExtensibilityGlobals) = postSolution
		SolutionGuid = {BB68A01D-77A0-41C6-84EA-3D42C6CDEA5F}
	EndGlobalSection
EndGlobal
